
Microsoft Visual Studio Solution File, Format Version 12.00
# Visual Studio 14
VisualStudioVersion = 14.0.23107.0
MinimumVisualStudioVersion = 10.0.40219.1
Project("{FAE04EC0-301F-11D3-BF4B-00C04F79EFBC}") = "AngularJS", "AngularJS\AngularJS.csproj", "{A315D067-B78A-4B27-8F48-3534194AA00A}"
EndProject
Project("{FAE04EC0-301F-11D3-BF4B-00C04F79EFBC}") = "AngularJSGettingStarted", "AngularJSGettingStarted\AngularJSGettingStarted.csproj", "{AFD9F1D1-8DB6-4C11-A1B5-E379FD4E6561}"
EndProject
Global
	GlobalSection(SolutionConfigurationPlatforms) = preSolution
		Debug|Any CPU = Debug|Any CPU
		Release|Any CPU = Release|Any CPU
	EndGlobalSection
	GlobalSection(ProjectConfigurationPlatforms) = postSolution
		{A315D067-B78A-4B27-8F48-3534194AA00A}.Debug|Any CPU.ActiveCfg = Debug|Any CPU
		{A315D067-B78A-4B27-8F48-3534194AA00A}.Debug|Any CPU.Build.0 = Debug|Any CPU
		{A315D067-B78A-4B27-8F48-3534194AA00A}.Release|Any CPU.ActiveCfg = Release|Any CPU
		{A315D067-B78A-4B27-8F48-3534194AA00A}.Release|Any CPU.Build.0 = Release|Any CPU
		{AFD9F1D1-8DB6-4C11-A1B5-E379FD4E6561}.Debug|Any CPU.ActiveCfg = Debug|Any CPU
		{AFD9F1D1-8DB6-4C11-A1B5-E379FD4E6561}.Debug|Any CPU.Build.0 = Debug|Any CPU
		{AFD9F1D1-8DB6-4C11-A1B5-E379FD4E6561}.Release|Any CPU.ActiveCfg = Release|Any CPU
		{AFD9F1D1-8DB6-4C11-A1B5-E379FD4E6561}.Release|Any CPU.Build.0 = Release|Any CPU
	EndGlobalSection
	GlobalSection(SolutionProperties) = preSolution
		HideSolutionNode = FALSE
	EndGlobalSection
EndGlobal
